
Microsoft Visual Studio Solution File, Format Version 12.00
# Visual Studio Version 17
VisualStudioVersion = 17.5.33530.505
MinimumVisualStudioVersion = 10.0.40219.1
Project("{FAE04EC0-301F-11D3-BF4B-00C04F79EFBC}") = "C#_17_OOP_Encapsulation", "C#_17_OOP_Encapsulation.csproj", "{F8A220A4-7BDB-44F9-8CA6-2811D1CCB527}"
EndProject
Global
	GlobalSection(SolutionConfigurationPlatforms) = preSolution
		Debug|Any CPU = Debug|Any CPU
		Release|Any CPU = Release|Any CPU
	EndGlobalSection
	GlobalSection(ProjectConfigurationPlatforms) = postSolution
		{F8A220A4-7BDB-44F9-8CA6-2811D1CCB527}.Debug|Any CPU.ActiveCfg = Debug|Any CPU
		{F8A220A4-7BDB-44F9-8CA6-2811D1CCB527}.Debug|Any CPU.Build.0 = Debug|Any CPU
		{F8A220A4-7BDB-44F9-8CA6-2811D1CCB527}.Release|Any CPU.ActiveCfg = Release|Any CPU
		{F8A220A4-7BDB-44F9-8CA6-2811D1CCB527}.Release|Any CPU.Build.0 = Release|Any CPU
	EndGlobalSection
	GlobalSection(SolutionProperties) = preSolution
		HideSolutionNode = FALSE
	EndGlobalSection
	GlobalSection(ExtensibilityGlobals) = postSolution
		SolutionGuid = {A3A6845C-6FE4-4C0D-847F-FC35673D74D5}
	EndGlobalSection
EndGlobal
