
Microsoft Visual Studio Solution File, Format Version 12.00
# Visual Studio Version 17
VisualStudioVersion = 17.5.33530.505
MinimumVisualStudioVersion = 10.0.40219.1
Project("{FAE04EC0-301F-11D3-BF4B-00C04F79EFBC}") = "C#_12_Do_While_Loop", "C#_12_Do_While_Loop\C#_12_Do_While_Loop.csproj", "{99358DE3-6556-4CAE-9F5D-150253BD6016}"
EndProject
Global
	GlobalSection(SolutionConfigurationPlatforms) = preSolution
		Debug|Any CPU = Debug|Any CPU
		Release|Any CPU = Release|Any CPU
	EndGlobalSection
	GlobalSection(ProjectConfigurationPlatforms) = postSolution
		{99358DE3-6556-4CAE-9F5D-150253BD6016}.Debug|Any CPU.ActiveCfg = Debug|Any CPU
		{99358DE3-6556-4CAE-9F5D-150253BD6016}.Debug|Any CPU.Build.0 = Debug|Any CPU
		{99358DE3-6556-4CAE-9F5D-150253BD6016}.Release|Any CPU.ActiveCfg = Release|Any CPU
		{99358DE3-6556-4CAE-9F5D-150253BD6016}.Release|Any CPU.Build.0 = Release|Any CPU
	EndGlobalSection
	GlobalSection(SolutionProperties) = preSolution
		HideSolutionNode = FALSE
	EndGlobalSection
	GlobalSection(ExtensibilityGlobals) = postSolution
		SolutionGuid = {F7DF394B-84DE-448F-AB06-4301FA461AF3}
	EndGlobalSection
EndGlobal
