
Microsoft Visual Studio Solution File, Format Version 12.00
# Visual Studio Version 17
VisualStudioVersion = 17.7.34031.279
MinimumVisualStudioVersion = 10.0.40219.1
Project("{FAE04EC0-301F-11D3-BF4B-00C04F79EFBC}") = "C#_10_Switch_Statement", "C#_10_Switch_Statement.csproj", "{CF8E03A4-28EB-4E9D-892C-46764624B162}"
EndProject
Global
	GlobalSection(SolutionConfigurationPlatforms) = preSolution
		Debug|Any CPU = Debug|Any CPU
		Release|Any CPU = Release|Any CPU
	EndGlobalSection
	GlobalSection(ProjectConfigurationPlatforms) = postSolution
		{CF8E03A4-28EB-4E9D-892C-46764624B162}.Debug|Any CPU.ActiveCfg = Debug|Any CPU
		{CF8E03A4-28EB-4E9D-892C-46764624B162}.Debug|Any CPU.Build.0 = Debug|Any CPU
		{CF8E03A4-28EB-4E9D-892C-46764624B162}.Release|Any CPU.ActiveCfg = Release|Any CPU
		{CF8E03A4-28EB-4E9D-892C-46764624B162}.Release|Any CPU.Build.0 = Release|Any CPU
	EndGlobalSection
	GlobalSection(SolutionProperties) = preSolution
		HideSolutionNode = FALSE
	EndGlobalSection
	GlobalSection(ExtensibilityGlobals) = postSolution
		SolutionGuid = {DB570C37-A3DB-4546-B039-CE3578E89132}
	EndGlobalSection
EndGlobal
