
Microsoft Visual Studio Solution File, Format Version 12.00
# Visual Studio Version 17
VisualStudioVersion = 17.5.33530.505
MinimumVisualStudioVersion = 10.0.40219.1
Project("{FAE04EC0-301F-11D3-BF4B-00C04F79EFBC}") = "C#_15_Array", "C#_15_Array.csproj", "{D2B83549-5B73-4E36-9D8E-EC4F910506F7}"
EndProject
Global
	GlobalSection(SolutionConfigurationPlatforms) = preSolution
		Debug|Any CPU = Debug|Any CPU
		Release|Any CPU = Release|Any CPU
	EndGlobalSection
	GlobalSection(ProjectConfigurationPlatforms) = postSolution
		{D2B83549-5B73-4E36-9D8E-EC4F910506F7}.Debug|Any CPU.ActiveCfg = Debug|Any CPU
		{D2B83549-5B73-4E36-9D8E-EC4F910506F7}.Debug|Any CPU.Build.0 = Debug|Any CPU
		{D2B83549-5B73-4E36-9D8E-EC4F910506F7}.Release|Any CPU.ActiveCfg = Release|Any CPU
		{D2B83549-5B73-4E36-9D8E-EC4F910506F7}.Release|Any CPU.Build.0 = Release|Any CPU
	EndGlobalSection
	GlobalSection(SolutionProperties) = preSolution
		HideSolutionNode = FALSE
	EndGlobalSection
	GlobalSection(ExtensibilityGlobals) = postSolution
		SolutionGuid = {B71E84B0-1497-4BB8-A4DE-67186F34CEAB}
	EndGlobalSection
EndGlobal
