
Microsoft Visual Studio Solution File, Format Version 12.00
# Visual Studio Version 17
VisualStudioVersion = 17.7.34031.279
MinimumVisualStudioVersion = 10.0.40219.1
Project("{FAE04EC0-301F-11D3-BF4B-00C04F79EFBC}") = "MyFirstProgram", "MyFirstProgram\MyFirstProgram.csproj", "{C211E8C1-9BD1-4492-A1D9-451408B86840}"
EndProject
Global
	GlobalSection(SolutionConfigurationPlatforms) = preSolution
		Debug|Any CPU = Debug|Any CPU
		Release|Any CPU = Release|Any CPU
	EndGlobalSection
	GlobalSection(ProjectConfigurationPlatforms) = postSolution
		{C211E8C1-9BD1-4492-A1D9-451408B86840}.Debug|Any CPU.ActiveCfg = Debug|Any CPU
		{C211E8C1-9BD1-4492-A1D9-451408B86840}.Debug|Any CPU.Build.0 = Debug|Any CPU
		{C211E8C1-9BD1-4492-A1D9-451408B86840}.Release|Any CPU.ActiveCfg = Release|Any CPU
		{C211E8C1-9BD1-4492-A1D9-451408B86840}.Release|Any CPU.Build.0 = Release|Any CPU
	EndGlobalSection
	GlobalSection(SolutionProperties) = preSolution
		HideSolutionNode = FALSE
	EndGlobalSection
	GlobalSection(ExtensibilityGlobals) = postSolution
		SolutionGuid = {A70F7C76-B164-434C-A912-0C50109EE9F0}
	EndGlobalSection
EndGlobal
