
Microsoft Visual Studio Solution File, Format Version 12.00
# Visual Studio Version 17
VisualStudioVersion = 17.5.33530.505
MinimumVisualStudioVersion = 10.0.40219.1
Project("{FAE04EC0-301F-11D3-BF4B-00C04F79EFBC}") = "C#_21_OOP_Abstraction", "C#_21_OOP_Abstraction.csproj", "{7918CB60-0DE3-4386-81D0-139FBAD21551}"
EndProject
Global
	GlobalSection(SolutionConfigurationPlatforms) = preSolution
		Debug|Any CPU = Debug|Any CPU
		Release|Any CPU = Release|Any CPU
	EndGlobalSection
	GlobalSection(ProjectConfigurationPlatforms) = postSolution
		{7918CB60-0DE3-4386-81D0-139FBAD21551}.Debug|Any CPU.ActiveCfg = Debug|Any CPU
		{7918CB60-0DE3-4386-81D0-139FBAD21551}.Debug|Any CPU.Build.0 = Debug|Any CPU
		{7918CB60-0DE3-4386-81D0-139FBAD21551}.Release|Any CPU.ActiveCfg = Release|Any CPU
		{7918CB60-0DE3-4386-81D0-139FBAD21551}.Release|Any CPU.Build.0 = Release|Any CPU
	EndGlobalSection
	GlobalSection(SolutionProperties) = preSolution
		HideSolutionNode = FALSE
	EndGlobalSection
	GlobalSection(ExtensibilityGlobals) = postSolution
		SolutionGuid = {372A6FFE-5673-4C1F-BF02-C09AEE1629E4}
	EndGlobalSection
EndGlobal
