
Microsoft Visual Studio Solution File, Format Version 12.00
# Visual Studio Version 17
VisualStudioVersion = 17.7.34031.279
MinimumVisualStudioVersion = 10.0.40219.1
Project("{FAE04EC0-301F-11D3-BF4B-00C04F79EFBC}") = "C#_11_While_Loop", "C#_11_While_Loop.csproj", "{030E7B21-0FC9-4075-A36D-2850AAB408CC}"
EndProject
Global
	GlobalSection(SolutionConfigurationPlatforms) = preSolution
		Debug|Any CPU = Debug|Any CPU
		Release|Any CPU = Release|Any CPU
	EndGlobalSection
	GlobalSection(ProjectConfigurationPlatforms) = postSolution
		{030E7B21-0FC9-4075-A36D-2850AAB408CC}.Debug|Any CPU.ActiveCfg = Debug|Any CPU
		{030E7B21-0FC9-4075-A36D-2850AAB408CC}.Debug|Any CPU.Build.0 = Debug|Any CPU
		{030E7B21-0FC9-4075-A36D-2850AAB408CC}.Release|Any CPU.ActiveCfg = Release|Any CPU
		{030E7B21-0FC9-4075-A36D-2850AAB408CC}.Release|Any CPU.Build.0 = Release|Any CPU
	EndGlobalSection
	GlobalSection(SolutionProperties) = preSolution
		HideSolutionNode = FALSE
	EndGlobalSection
	GlobalSection(ExtensibilityGlobals) = postSolution
		SolutionGuid = {CFA2E60D-21AC-4DC2-8187-F204E1EC2C16}
	EndGlobalSection
EndGlobal
